
Microsoft Visual Studio Solution File, Format Version 12.00
# Visual Studio Version 16
VisualStudioVersion = 16.0.32106.194
MinimumVisualStudioVersion = 10.0.40219.1
Project("{FAE04EC0-301F-11D3-BF4B-00C04F79EFBC}") = "MRB Review System", "MRB Review System\MRB Review System.csproj", "{A9153719-1170-493D-BB73-267E595EABB4}"
EndProject
Global
	GlobalSection(SolutionConfigurationPlatforms) = preSolution
		Debug|Any CPU = Debug|Any CPU
		Release|Any CPU = Release|Any CPU
	EndGlobalSection
	GlobalSection(ProjectConfigurationPlatforms) = postSolution
		{A9153719-1170-493D-BB73-267E595EABB4}.Debug|Any CPU.ActiveCfg = Debug|Any CPU
		{A9153719-1170-493D-BB73-267E595EABB4}.Debug|Any CPU.Build.0 = Debug|Any CPU
		{A9153719-1170-493D-BB73-267E595EABB4}.Release|Any CPU.ActiveCfg = Release|Any CPU
		{A9153719-1170-493D-BB73-267E595EABB4}.Release|Any CPU.Build.0 = Release|Any CPU
	EndGlobalSection
	GlobalSection(SolutionProperties) = preSolution
		HideSolutionNode = FALSE
	EndGlobalSection
	GlobalSection(ExtensibilityGlobals) = postSolution
		SolutionGuid = {5E3E4D57-45F5-417C-BCDB-197767812EC2}
	EndGlobalSection
EndGlobal
